// !$*UTF8*$!
{
	archiveVersion = 1;
	classes = {
	};
	objectVersion = 52;
	objects = {

/* Begin PBXBuildFile section */
		F02334F927B7CDA20050D396 /* authenticate.json in Resources */ = {isa = PBXBuildFile; fileRef = F02334F827B7CDA20050D396 /* authenticate.json */; };
		F02334FC27B7EE400050D396 /* Dashboard.swift in Sources */ = {isa = PBXBuildFile; fileRef = F02334FB27B7EE400050D396 /* Dashboard.swift */; };
		F02334FE27B7EE4A0050D396 /* ProfileView.swift in Sources */ = {isa = PBXBuildFile; fileRef = F02334FD27B7EE4A0050D396 /* ProfileView.swift */; };
		F023350027B818380050D396 /* ProfileModel.swift in Sources */ = {isa = PBXBuildFile; fileRef = F02334FF27B818380050D396 /* ProfileModel.swift */; };
		F04B01B227B945FC004C1C0B /* Color+Extensions.swift in Sources */ = {isa = PBXBuildFile; fileRef = F04B01B127B945FC004C1C0B /* Color+Extensions.swift */; };
		F04B01B427B94A1E004C1C0B /* ProfileHeaderView.swift in Sources */ = {isa = PBXBuildFile; fileRef = F04B01B327B94A1E004C1C0B /* ProfileHeaderView.swift */; };
		F0608A6027B9708E000ABE05 /* ProfileInformationView.swift in Sources */ = {isa = PBXBuildFile; fileRef = F0608A5F27B9708E000ABE05 /* ProfileInformationView.swift */; };
		F075FF142679276E00ADC7C5 /* RoninEMSApp.swift in Sources */ = {isa = PBXBuildFile; fileRef = F075FF132679276E00ADC7C5 /* RoninEMSApp.swift */; };
		F075FF162679276E00ADC7C5 /* HomeView.swift in Sources */ = {isa = PBXBuildFile; fileRef = F075FF152679276E00ADC7C5 /* HomeView.swift */; };
		F075FF182679276F00ADC7C5 /* Assets.xcassets in Resources */ = {isa = PBXBuildFile; fileRef = F075FF172679276F00ADC7C5 /* Assets.xcassets */; };
		F075FF1B2679276F00ADC7C5 /* Preview Assets.xcassets in Resources */ = {isa = PBXBuildFile; fileRef = F075FF1A2679276F00ADC7C5 /* Preview Assets.xcassets */; };
		F075FF262679276F00ADC7C5 /* RoninEMSTests.swift in Sources */ = {isa = PBXBuildFile; fileRef = F075FF252679276F00ADC7C5 /* RoninEMSTests.swift */; };
		F075FF312679276F00ADC7C5 /* RoninEMSUITests.swift in Sources */ = {isa = PBXBuildFile; fileRef = F075FF302679276F00ADC7C5 /* RoninEMSUITests.swift */; };
		F091702027A5A31E00240418 /* OnboardingBottomMenu.swift in Sources */ = {isa = PBXBuildFile; fileRef = F091701F27A5A31E00240418 /* OnboardingBottomMenu.swift */; };
		F091702227A5A9B600240418 /* GetStartedButtonView.swift in Sources */ = {isa = PBXBuildFile; fileRef = F091702127A5A9B600240418 /* GetStartedButtonView.swift */; };
		F091702627A6AD6A00240418 /* SignUpView.swift in Sources */ = {isa = PBXBuildFile; fileRef = F091702527A6AD6A00240418 /* SignUpView.swift */; };
		F091703727A6B96A00240418 /* poppins_bold.ttf in Resources */ = {isa = PBXBuildFile; fileRef = F091703627A6B94A00240418 /* poppins_bold.ttf */; };
		F091703827A6B96A00240418 /* poppins_medium.ttf in Resources */ = {isa = PBXBuildFile; fileRef = F091703227A6B94A00240418 /* poppins_medium.ttf */; };
		F091703927A6B96A00240418 /* opensans_bold.ttf in Resources */ = {isa = PBXBuildFile; fileRef = F091703427A6B94A00240418 /* opensans_bold.ttf */; };
		F091703A27A6B96A00240418 /* opensans_regular.ttf in Resources */ = {isa = PBXBuildFile; fileRef = F091703527A6B94A00240418 /* opensans_regular.ttf */; };
		F091703B27A6B96A00240418 /* opensans_semibold.ttf in Resources */ = {isa = PBXBuildFile; fileRef = F091703327A6B94A00240418 /* opensans_semibold.ttf */; };
		F091703D27A6C39300240418 /* SignUpBottomView.swift in Sources */ = {isa = PBXBuildFile; fileRef = F091703C27A6C39300240418 /* SignUpBottomView.swift */; };
		F0B64163267BF03F0080D8A1 /* OnBoardingCardView.swift in Sources */ = {isa = PBXBuildFile; fileRef = F0B64162267BF03F0080D8A1 /* OnBoardingCardView.swift */; };
		F0B64165267BF4290080D8A1 /* OnboardingTopMenu.swift in Sources */ = {isa = PBXBuildFile; fileRef = F0B64164267BF4290080D8A1 /* OnboardingTopMenu.swift */; };
		F0B64167267C098A0080D8A1 /* SkipButtonView.swift in Sources */ = {isa = PBXBuildFile; fileRef = F0B64166267C098A0080D8A1 /* SkipButtonView.swift */; };
		F0B64169267C18A80080D8A1 /* OnboardingView.swift in Sources */ = {isa = PBXBuildFile; fileRef = F0B64168267C18A80080D8A1 /* OnboardingView.swift */; };
		F0B6416C267C1F810080D8A1 /* OnboardingModel.swift in Sources */ = {isa = PBXBuildFile; fileRef = F0B6416B267C1F810080D8A1 /* OnboardingModel.swift */; };
		F0B6416F267C203D0080D8A1 /* OnboardingData.swift in Sources */ = {isa = PBXBuildFile; fileRef = F0B6416E267C203D0080D8A1 /* OnboardingData.swift */; };
		F0B64171267C834E0080D8A1 /* NextButtonView.swift in Sources */ = {isa = PBXBuildFile; fileRef = F0B64170267C834E0080D8A1 /* NextButtonView.swift */; };
		F0BD0D7227B988A40062CA7C /* ProfileHeaderNameView.swift in Sources */ = {isa = PBXBuildFile; fileRef = F0BD0D7127B988A40062CA7C /* ProfileHeaderNameView.swift */; };
		F0CD56D427B6CD3E0054C775 /* Users.swift in Sources */ = {isa = PBXBuildFile; fileRef = F0CD56D327B6CD3E0054C775 /* Users.swift */; };
		F0CD56D627B6D4D90054C775 /* AccountService.swift in Sources */ = {isa = PBXBuildFile; fileRef = F0CD56D527B6D4D90054C775 /* AccountService.swift */; };
		F0CD56DA27B6DC220054C775 /* URL+Extensions.swift in Sources */ = {isa = PBXBuildFile; fileRef = F0CD56D927B6DC220054C775 /* URL+Extensions.swift */; };
		F0CD56DD27B6EBA20054C775 /* AccountViewModel.swift in Sources */ = {isa = PBXBuildFile; fileRef = F0CD56DC27B6EBA20054C775 /* AccountViewModel.swift */; };
		F0D50A9E27A6C7FA009D8B40 /* Config.swift in Sources */ = {isa = PBXBuildFile; fileRef = F0D50A9D27A6C7FA009D8B40 /* Config.swift */; };
		F0D50AA027A6CA74009D8B40 /* SignUpTopView.swift in Sources */ = {isa = PBXBuildFile; fileRef = F0D50A9F27A6CA74009D8B40 /* SignUpTopView.swift */; };
		F0D50AA227A6E1C0009D8B40 /* LoginView.swift in Sources */ = {isa = PBXBuildFile; fileRef = F0D50AA127A6E1C0009D8B40 /* LoginView.swift */; };
		F0DD6E4227BA4A34003FF972 /* ProfileHeaderVerificationTest.swift in Sources */ = {isa = PBXBuildFile; fileRef = F0DD6E4127BA4A34003FF972 /* ProfileHeaderVerificationTest.swift */; };
		F0DD6E4427BAFBCE003FF972 /* LicenseModel.swift in Sources */ = {isa = PBXBuildFile; fileRef = F0DD6E4327BAFBCE003FF972 /* LicenseModel.swift */; };
		F0DD6E4627BB6AA6003FF972 /* getLicenseDetails.json in Resources */ = {isa = PBXBuildFile; fileRef = F0DD6E4527BB6AA6003FF972 /* getLicenseDetails.json */; };
		F0E7D7D827B8D1B700B79920 /* JWTDecode in Frameworks */ = {isa = PBXBuildFile; productRef = F0E7D7D727B8D1B700B79920 /* JWTDecode */; };
		F0F0B35327B5002B00324FFE /* LoginTopView.swift in Sources */ = {isa = PBXBuildFile; fileRef = F0F0B35227B5002B00324FFE /* LoginTopView.swift */; };
		F0F0B35527B5006600324FFE /* LoginTextFields.swift in Sources */ = {isa = PBXBuildFile; fileRef = F0F0B35427B5006600324FFE /* LoginTextFields.swift */; };
		F0F0B35727B5426C00324FFE /* LoginButton.swift in Sources */ = {isa = PBXBuildFile; fileRef = F0F0B35627B5426C00324FFE /* LoginButton.swift */; };
		F0F1173A27B9636200CD7CD3 /* ProfileHeaderVerifyNow.swift in Sources */ = {isa = PBXBuildFile; fileRef = F0F1173927B9636200CD7CD3 /* ProfileHeaderVerifyNow.swift */; };
/* End PBXBuildFile section */

/* Begin PBXContainerItemProxy section */
		F075FF222679276F00ADC7C5 /* PBXContainerItemProxy */ = {
			isa = PBXContainerItemProxy;
			containerPortal = F075FF082679276E00ADC7C5 /* Project object */;
			proxyType = 1;
			remoteGlobalIDString = F075FF0F2679276E00ADC7C5;
			remoteInfo = RoninEMS;
		};
		F075FF2D2679276F00ADC7C5 /* PBXContainerItemProxy */ = {
			isa = PBXContainerItemProxy;
			containerPortal = F075FF082679276E00ADC7C5 /* Project object */;
			proxyType = 1;
			remoteGlobalIDString = F075FF0F2679276E00ADC7C5;
			remoteInfo = RoninEMS;
		};
/* End PBXContainerItemProxy section */

/* Begin PBXFileReference section */
		F02334F827B7CDA20050D396 /* authenticate.json */ = {isa = PBXFileReference; fileEncoding = 4; lastKnownFileType = text.json; path = authenticate.json; sourceTree = "<group>"; };
		F02334FB27B7EE400050D396 /* Dashboard.swift */ = {isa = PBXFileReference; lastKnownFileType = sourcecode.swift; path = Dashboard.swift; sourceTree = "<group>"; };
		F02334FD27B7EE4A0050D396 /* ProfileView.swift */ = {isa = PBXFileReference; lastKnownFileType = sourcecode.swift; path = ProfileView.swift; sourceTree = "<group>"; };
		F02334FF27B818380050D396 /* ProfileModel.swift */ = {isa = PBXFileReference; lastKnownFileType = sourcecode.swift; path = ProfileModel.swift; sourceTree = "<group>"; };
		F04B01B127B945FC004C1C0B /* Color+Extensions.swift */ = {isa = PBXFileReference; lastKnownFileType = sourcecode.swift; path = "Color+Extensions.swift"; sourceTree = "<group>"; };
		F04B01B327B94A1E004C1C0B /* ProfileHeaderView.swift */ = {isa = PBXFileReference; lastKnownFileType = sourcecode.swift; path = ProfileHeaderView.swift; sourceTree = "<group>"; };
		F0608A5F27B9708E000ABE05 /* ProfileInformationView.swift */ = {isa = PBXFileReference; lastKnownFileType = sourcecode.swift; path = ProfileInformationView.swift; sourceTree = "<group>"; };
		F075FF102679276E00ADC7C5 /* RoninEMS.app */ = {isa = PBXFileReference; explicitFileType = wrapper.application; includeInIndex = 0; path = RoninEMS.app; sourceTree = BUILT_PRODUCTS_DIR; };
		F075FF132679276E00ADC7C5 /* RoninEMSApp.swift */ = {isa = PBXFileReference; lastKnownFileType = sourcecode.swift; path = RoninEMSApp.swift; sourceTree = "<group>"; };
		F075FF152679276E00ADC7C5 /* HomeView.swift */ = {isa = PBXFileReference; lastKnownFileType = sourcecode.swift; path = HomeView.swift; sourceTree = "<group>"; };
		F075FF172679276F00ADC7C5 /* Assets.xcassets */ = {isa = PBXFileReference; lastKnownFileType = folder.assetcatalog; path = Assets.xcassets; sourceTree = "<group>"; };
		F075FF1A2679276F00ADC7C5 /* Preview Assets.xcassets */ = {isa = PBXFileReference; lastKnownFileType = folder.assetcatalog; path = "Preview Assets.xcassets"; sourceTree = "<group>"; };
		F075FF1C2679276F00ADC7C5 /* Info.plist */ = {isa = PBXFileReference; lastKnownFileType = text.plist.xml; path = Info.plist; sourceTree = "<group>"; };
		F075FF212679276F00ADC7C5 /* RoninEMSTests.xctest */ = {isa = PBXFileReference; explicitFileType = wrapper.cfbundle; includeInIndex = 0; path = RoninEMSTests.xctest; sourceTree = BUILT_PRODUCTS_DIR; };
		F075FF252679276F00ADC7C5 /* RoninEMSTests.swift */ = {isa = PBXFileReference; lastKnownFileType = sourcecode.swift; path = RoninEMSTests.swift; sourceTree = "<group>"; };
		F075FF272679276F00ADC7C5 /* Info.plist */ = {isa = PBXFileReference; lastKnownFileType = text.plist.xml; path = Info.plist; sourceTree = "<group>"; };
		F075FF2C2679276F00ADC7C5 /* RoninEMSUITests.xctest */ = {isa = PBXFileReference; explicitFileType = wrapper.cfbundle; includeInIndex = 0; path = RoninEMSUITests.xctest; sourceTree = BUILT_PRODUCTS_DIR; };
		F075FF302679276F00ADC7C5 /* RoninEMSUITests.swift */ = {isa = PBXFileReference; lastKnownFileType = sourcecode.swift; path = RoninEMSUITests.swift; sourceTree = "<group>"; };
		F075FF322679276F00ADC7C5 /* Info.plist */ = {isa = PBXFileReference; lastKnownFileType = text.plist.xml; path = Info.plist; sourceTree = "<group>"; };
		F091701F27A5A31E00240418 /* OnboardingBottomMenu.swift */ = {isa = PBXFileReference; lastKnownFileType = sourcecode.swift; path = OnboardingBottomMenu.swift; sourceTree = "<group>"; };
		F091702127A5A9B600240418 /* GetStartedButtonView.swift */ = {isa = PBXFileReference; fileEncoding = 4; lastKnownFileType = sourcecode.swift; path = GetStartedButtonView.swift; sourceTree = "<group>"; };
		F091702527A6AD6A00240418 /* SignUpView.swift */ = {isa = PBXFileReference; lastKnownFileType = sourcecode.swift; path = SignUpView.swift; sourceTree = "<group>"; };
		F091703227A6B94A00240418 /* poppins_medium.ttf */ = {isa = PBXFileReference; lastKnownFileType = file; path = poppins_medium.ttf; sourceTree = "<group>"; };
		F091703327A6B94A00240418 /* opensans_semibold.ttf */ = {isa = PBXFileReference; lastKnownFileType = file; path = opensans_semibold.ttf; sourceTree = "<group>"; };
		F091703427A6B94A00240418 /* opensans_bold.ttf */ = {isa = PBXFileReference; lastKnownFileType = file; path = opensans_bold.ttf; sourceTree = "<group>"; };
		F091703527A6B94A00240418 /* opensans_regular.ttf */ = {isa = PBXFileReference; lastKnownFileType = file; path = opensans_regular.ttf; sourceTree = "<group>"; };
		F091703627A6B94A00240418 /* poppins_bold.ttf */ = {isa = PBXFileReference; lastKnownFileType = file; path = poppins_bold.ttf; sourceTree = "<group>"; };
		F091703C27A6C39300240418 /* SignUpBottomView.swift */ = {isa = PBXFileReference; lastKnownFileType = sourcecode.swift; path = SignUpBottomView.swift; sourceTree = "<group>"; };
		F0B64162267BF03F0080D8A1 /* OnBoardingCardView.swift */ = {isa = PBXFileReference; lastKnownFileType = sourcecode.swift; path = OnBoardingCardView.swift; sourceTree = "<group>"; };
		F0B64164267BF4290080D8A1 /* OnboardingTopMenu.swift */ = {isa = PBXFileReference; lastKnownFileType = sourcecode.swift; path = OnboardingTopMenu.swift; sourceTree = "<group>"; };
		F0B64166267C098A0080D8A1 /* SkipButtonView.swift */ = {isa = PBXFileReference; lastKnownFileType = sourcecode.swift; path = SkipButtonView.swift; sourceTree = "<group>"; };
		F0B64168267C18A80080D8A1 /* OnboardingView.swift */ = {isa = PBXFileReference; lastKnownFileType = sourcecode.swift; path = OnboardingView.swift; sourceTree = "<group>"; };
		F0B6416B267C1F810080D8A1 /* OnboardingModel.swift */ = {isa = PBXFileReference; lastKnownFileType = sourcecode.swift; path = OnboardingModel.swift; sourceTree = "<group>"; };
		F0B6416E267C203D0080D8A1 /* OnboardingData.swift */ = {isa = PBXFileReference; lastKnownFileType = sourcecode.swift; path = OnboardingData.swift; sourceTree = "<group>"; };
		F0B64170267C834E0080D8A1 /* NextButtonView.swift */ = {isa = PBXFileReference; lastKnownFileType = sourcecode.swift; path = NextButtonView.swift; sourceTree = "<group>"; };
		F0BD0D7127B988A40062CA7C /* ProfileHeaderNameView.swift */ = {isa = PBXFileReference; lastKnownFileType = sourcecode.swift; path = ProfileHeaderNameView.swift; sourceTree = "<group>"; };
		F0CD56D327B6CD3E0054C775 /* Users.swift */ = {isa = PBXFileReference; lastKnownFileType = sourcecode.swift; path = Users.swift; sourceTree = "<group>"; };
		F0CD56D527B6D4D90054C775 /* AccountService.swift */ = {isa = PBXFileReference; lastKnownFileType = sourcecode.swift; path = AccountService.swift; sourceTree = "<group>"; };
		F0CD56D927B6DC220054C775 /* URL+Extensions.swift */ = {isa = PBXFileReference; lastKnownFileType = sourcecode.swift; path = "URL+Extensions.swift"; sourceTree = "<group>"; };
		F0CD56DC27B6EBA20054C775 /* AccountViewModel.swift */ = {isa = PBXFileReference; lastKnownFileType = sourcecode.swift; path = AccountViewModel.swift; sourceTree = "<group>"; };
		F0D50A9D27A6C7FA009D8B40 /* Config.swift */ = {isa = PBXFileReference; lastKnownFileType = sourcecode.swift; path = Config.swift; sourceTree = "<group>"; };
		F0D50A9F27A6CA74009D8B40 /* SignUpTopView.swift */ = {isa = PBXFileReference; lastKnownFileType = sourcecode.swift; path = SignUpTopView.swift; sourceTree = "<group>"; };
		F0D50AA127A6E1C0009D8B40 /* LoginView.swift */ = {isa = PBXFileReference; lastKnownFileType = sourcecode.swift; path = LoginView.swift; sourceTree = "<group>"; };
		F0DD6E4127BA4A34003FF972 /* ProfileHeaderVerificationTest.swift */ = {isa = PBXFileReference; lastKnownFileType = sourcecode.swift; path = ProfileHeaderVerificationTest.swift; sourceTree = "<group>"; };
		F0DD6E4327BAFBCE003FF972 /* LicenseModel.swift */ = {isa = PBXFileReference; lastKnownFileType = sourcecode.swift; path = LicenseModel.swift; sourceTree = "<group>"; };
		F0DD6E4527BB6AA6003FF972 /* getLicenseDetails.json */ = {isa = PBXFileReference; fileEncoding = 4; lastKnownFileType = text.json; path = getLicenseDetails.json; sourceTree = "<group>"; };
		F0F0B35227B5002B00324FFE /* LoginTopView.swift */ = {isa = PBXFileReference; lastKnownFileType = sourcecode.swift; path = LoginTopView.swift; sourceTree = "<group>"; };
		F0F0B35427B5006600324FFE /* LoginTextFields.swift */ = {isa = PBXFileReference; lastKnownFileType = sourcecode.swift; path = LoginTextFields.swift; sourceTree = "<group>"; };
		F0F0B35627B5426C00324FFE /* LoginButton.swift */ = {isa = PBXFileReference; lastKnownFileType = sourcecode.swift; path = LoginButton.swift; sourceTree = "<group>"; };
		F0F1173927B9636200CD7CD3 /* ProfileHeaderVerifyNow.swift */ = {isa = PBXFileReference; lastKnownFileType = sourcecode.swift; path = ProfileHeaderVerifyNow.swift; sourceTree = "<group>"; };
/* End PBXFileReference section */

/* Begin PBXFrameworksBuildPhase section */
		F075FF0D2679276E00ADC7C5 /* Frameworks */ = {
			isa = PBXFrameworksBuildPhase;
			buildActionMask = 2147483647;
			files = (
				F0E7D7D827B8D1B700B79920 /* JWTDecode in Frameworks */,
			);
			runOnlyForDeploymentPostprocessing = 0;
		};
		F075FF1E2679276F00ADC7C5 /* Frameworks */ = {
			isa = PBXFrameworksBuildPhase;
			buildActionMask = 2147483647;
			files = (
			);
			runOnlyForDeploymentPostprocessing = 0;
		};
		F075FF292679276F00ADC7C5 /* Frameworks */ = {
			isa = PBXFrameworksBuildPhase;
			buildActionMask = 2147483647;
			files = (
			);
			runOnlyForDeploymentPostprocessing = 0;
		};
/* End PBXFrameworksBuildPhase section */

/* Begin PBXGroup section */
		F02334FA27B7EE2E0050D396 /* Home */ = {
			isa = PBXGroup;
			children = (
				F02334FB27B7EE400050D396 /* Dashboard.swift */,
				F02334FD27B7EE4A0050D396 /* ProfileView.swift */,
			);
			path = Home;
			sourceTree = "<group>";
		};
		F0740328268A34A900656E99 /* Onboarding */ = {
			isa = PBXGroup;
			children = (
				F0B64162267BF03F0080D8A1 /* OnBoardingCardView.swift */,
				F0B64164267BF4290080D8A1 /* OnboardingTopMenu.swift */,
				F091701F27A5A31E00240418 /* OnboardingBottomMenu.swift */,
				F0B64166267C098A0080D8A1 /* SkipButtonView.swift */,
				F0B64170267C834E0080D8A1 /* NextButtonView.swift */,
				F091702127A5A9B600240418 /* GetStartedButtonView.swift */,
			);
			path = Onboarding;
			sourceTree = "<group>";
		};
		F075FF072679276E00ADC7C5 = {
			isa = PBXGroup;
			children = (
				F075FF122679276E00ADC7C5 /* RoninEMS */,
				F075FF242679276F00ADC7C5 /* RoninEMSTests */,
				F075FF2F2679276F00ADC7C5 /* RoninEMSUITests */,
				F075FF112679276E00ADC7C5 /* Products */,
			);
			sourceTree = "<group>";
		};
		F075FF112679276E00ADC7C5 /* Products */ = {
			isa = PBXGroup;
			children = (
				F075FF102679276E00ADC7C5 /* RoninEMS.app */,
				F075FF212679276F00ADC7C5 /* RoninEMSTests.xctest */,
				F075FF2C2679276F00ADC7C5 /* RoninEMSUITests.xctest */,
			);
			name = Products;
			sourceTree = "<group>";
		};
		F075FF122679276E00ADC7C5 /* RoninEMS */ = {
			isa = PBXGroup;
			children = (
				F0B6416A267C1F2D0080D8A1 /* Model */,
				F0B6416D267C202B0080D8A1 /* Data */,
				F0CD56D727B6D4E30054C775 /* Services */,
				F0CD56DB27B6EB410054C775 /* ViewModel */,
				F0B64161267BEFDF0080D8A1 /* View */,
				F0B64160267BEFCE0080D8A1 /* App */,
				F0CD56D827B6DBF80054C775 /* Extensions */,
				F075FF172679276F00ADC7C5 /* Assets.xcassets */,
				F075FF1C2679276F00ADC7C5 /* Info.plist */,
				F075FF192679276F00ADC7C5 /* Preview Content */,
				F091703127A6B93600240418 /* Resources */,
			);
			path = RoninEMS;
			sourceTree = "<group>";
		};
		F075FF192679276F00ADC7C5 /* Preview Content */ = {
			isa = PBXGroup;
			children = (
				F075FF1A2679276F00ADC7C5 /* Preview Assets.xcassets */,
			);
			path = "Preview Content";
			sourceTree = "<group>";
		};
		F075FF242679276F00ADC7C5 /* RoninEMSTests */ = {
			isa = PBXGroup;
			children = (
				F075FF252679276F00ADC7C5 /* RoninEMSTests.swift */,
				F075FF272679276F00ADC7C5 /* Info.plist */,
			);
			path = RoninEMSTests;
			sourceTree = "<group>";
		};
		F075FF2F2679276F00ADC7C5 /* RoninEMSUITests */ = {
			isa = PBXGroup;
			children = (
				F075FF302679276F00ADC7C5 /* RoninEMSUITests.swift */,
				F075FF322679276F00ADC7C5 /* Info.plist */,
			);
			path = RoninEMSUITests;
			sourceTree = "<group>";
		};
		F091702327A6A7C400240418 /* Login */ = {
			isa = PBXGroup;
			children = (
				F0D50AA127A6E1C0009D8B40 /* LoginView.swift */,
				F0F0B35227B5002B00324FFE /* LoginTopView.swift */,
				F0F0B35427B5006600324FFE /* LoginTextFields.swift */,
				F0F0B35627B5426C00324FFE /* LoginButton.swift */,
			);
			path = Login;
			sourceTree = "<group>";
		};
		F091702427A6AD4200240418 /* Launcher */ = {
			isa = PBXGroup;
			children = (
				F091702527A6AD6A00240418 /* SignUpView.swift */,
				F0D50A9F27A6CA74009D8B40 /* SignUpTopView.swift */,
				F091703C27A6C39300240418 /* SignUpBottomView.swift */,
			);
			path = Launcher;
			sourceTree = "<group>";
		};
		F091703127A6B93600240418 /* Resources */ = {
			isa = PBXGroup;
			children = (
				F091703427A6B94A00240418 /* opensans_bold.ttf */,
				F091703527A6B94A00240418 /* opensans_regular.ttf */,
				F091703327A6B94A00240418 /* opensans_semibold.ttf */,
				F091703627A6B94A00240418 /* poppins_bold.ttf */,
				F091703227A6B94A00240418 /* poppins_medium.ttf */,
			);
			path = Resources;
			sourceTree = "<group>";
		};
		F0B64160267BEFCE0080D8A1 /* App */ = {
			isa = PBXGroup;
			children = (
				F075FF132679276E00ADC7C5 /* RoninEMSApp.swift */,
				F075FF152679276E00ADC7C5 /* HomeView.swift */,
				F0B64168267C18A80080D8A1 /* OnboardingView.swift */,
				F0D50A9D27A6C7FA009D8B40 /* Config.swift */,
			);
			path = App;
			sourceTree = "<group>";
		};
		F0B64161267BEFDF0080D8A1 /* View */ = {
			isa = PBXGroup;
			children = (
				F02334FA27B7EE2E0050D396 /* Home */,
				F091702427A6AD4200240418 /* Launcher */,
				F091702327A6A7C400240418 /* Login */,
				F0740328268A34A900656E99 /* Onboarding */,
				F04B01B327B94A1E004C1C0B /* ProfileHeaderView.swift */,
				F0F1173927B9636200CD7CD3 /* ProfileHeaderVerifyNow.swift */,
				F0608A5F27B9708E000ABE05 /* ProfileInformationView.swift */,
				F0BD0D7127B988A40062CA7C /* ProfileHeaderNameView.swift */,
				F0DD6E4127BA4A34003FF972 /* ProfileHeaderVerificationTest.swift */,
			);
			path = View;
			sourceTree = "<group>";
		};
		F0B6416A267C1F2D0080D8A1 /* Model */ = {
			isa = PBXGroup;
			children = (
				F0B6416B267C1F810080D8A1 /* OnboardingModel.swift */,
				F0CD56D327B6CD3E0054C775 /* Users.swift */,
				F02334FF27B818380050D396 /* ProfileModel.swift */,
				F0DD6E4327BAFBCE003FF972 /* LicenseModel.swift */,
			);
			path = Model;
			sourceTree = "<group>";
		};
		F0B6416D267C202B0080D8A1 /* Data */ = {
			isa = PBXGroup;
			children = (
				F02334F827B7CDA20050D396 /* authenticate.json */,
				F0DD6E4527BB6AA6003FF972 /* getLicenseDetails.json */,
				F0B6416E267C203D0080D8A1 /* OnboardingData.swift */,
			);
			path = Data;
			sourceTree = "<group>";
		};
		F0CD56D727B6D4E30054C775 /* Services */ = {
			isa = PBXGroup;
			children = (
				F0CD56D527B6D4D90054C775 /* AccountService.swift */,
			);
			path = Services;
			sourceTree = "<group>";
		};
		F0CD56D827B6DBF80054C775 /* Extensions */ = {
			isa = PBXGroup;
			children = (
				F0CD56D927B6DC220054C775 /* URL+Extensions.swift */,
				F04B01B127B945FC004C1C0B /* Color+Extensions.swift */,
			);
			path = Extensions;
			sourceTree = "<group>";
		};
		F0CD56DB27B6EB410054C775 /* ViewModel */ = {
			isa = PBXGroup;
			children = (
				F0CD56DC27B6EBA20054C775 /* AccountViewModel.swift */,
			);
			path = ViewModel;
			sourceTree = "<group>";
		};
/* End PBXGroup section */

/* Begin PBXNativeTarget section */
		F075FF0F2679276E00ADC7C5 /* RoninEMS */ = {
			isa = PBXNativeTarget;
			buildConfigurationList = F075FF352679276F00ADC7C5 /* Build configuration list for PBXNativeTarget "RoninEMS" */;
			buildPhases = (
				F075FF0C2679276E00ADC7C5 /* Sources */,
				F075FF0D2679276E00ADC7C5 /* Frameworks */,
				F075FF0E2679276E00ADC7C5 /* Resources */,
			);
			buildRules = (
			);
			dependencies = (
			);
			name = RoninEMS;
			packageProductDependencies = (
				F0E7D7D727B8D1B700B79920 /* JWTDecode */,
			);
			productName = RoninEMS;
			productReference = F075FF102679276E00ADC7C5 /* RoninEMS.app */;
			productType = "com.apple.product-type.application";
		};
		F075FF202679276F00ADC7C5 /* RoninEMSTests */ = {
			isa = PBXNativeTarget;
			buildConfigurationList = F075FF382679276F00ADC7C5 /* Build configuration list for PBXNativeTarget "RoninEMSTests" */;
			buildPhases = (
				F075FF1D2679276F00ADC7C5 /* Sources */,
				F075FF1E2679276F00ADC7C5 /* Frameworks */,
				F075FF1F2679276F00ADC7C5 /* Resources */,
			);
			buildRules = (
			);
			dependencies = (
				F075FF232679276F00ADC7C5 /* PBXTargetDependency */,
			);
			name = RoninEMSTests;
			productName = RoninEMSTests;
			productReference = F075FF212679276F00ADC7C5 /* RoninEMSTests.xctest */;
			productType = "com.apple.product-type.bundle.unit-test";
		};
		F075FF2B2679276F00ADC7C5 /* RoninEMSUITests */ = {
			isa = PBXNativeTarget;
			buildConfigurationList = F075FF3B2679276F00ADC7C5 /* Build configuration list for PBXNativeTarget "RoninEMSUITests" */;
			buildPhases = (
				F075FF282679276F00ADC7C5 /* Sources */,
				F075FF292679276F00ADC7C5 /* Frameworks */,
				F075FF2A2679276F00ADC7C5 /* Resources */,
			);
			buildRules = (
			);
			dependencies = (
				F075FF2E2679276F00ADC7C5 /* PBXTargetDependency */,
			);
			name = RoninEMSUITests;
			productName = RoninEMSUITests;
			productReference = F075FF2C2679276F00ADC7C5 /* RoninEMSUITests.xctest */;
			productType = "com.apple.product-type.bundle.ui-testing";
		};
/* End PBXNativeTarget section */

/* Begin PBXProject section */
		F075FF082679276E00ADC7C5 /* Project object */ = {
			isa = PBXProject;
			attributes = {
				LastSwiftUpdateCheck = 1250;
				LastUpgradeCheck = 1250;
				TargetAttributes = {
					F075FF0F2679276E00ADC7C5 = {
						CreatedOnToolsVersion = 12.5;
					};
					F075FF202679276F00ADC7C5 = {
						CreatedOnToolsVersion = 12.5;
						TestTargetID = F075FF0F2679276E00ADC7C5;
					};
					F075FF2B2679276F00ADC7C5 = {
						CreatedOnToolsVersion = 12.5;
						TestTargetID = F075FF0F2679276E00ADC7C5;
					};
				};
			};
			buildConfigurationList = F075FF0B2679276E00ADC7C5 /* Build configuration list for PBXProject "RoninEMS" */;
			compatibilityVersion = "Xcode 9.3";
			developmentRegion = en;
			hasScannedForEncodings = 0;
			knownRegions = (
				en,
				Base,
			);
			mainGroup = F075FF072679276E00ADC7C5;
			packageReferences = (
				F0E7D7D627B8D1B700B79920 /* XCRemoteSwiftPackageReference "JWTDecode.swift" */,
			);
			productRefGroup = F075FF112679276E00ADC7C5 /* Products */;
			projectDirPath = "";
			projectRoot = "";
			targets = (
				F075FF0F2679276E00ADC7C5 /* RoninEMS */,
				F075FF202679276F00ADC7C5 /* RoninEMSTests */,
				F075FF2B2679276F00ADC7C5 /* RoninEMSUITests */,
			);
		};
/* End PBXProject section */

/* Begin PBXResourcesBuildPhase section */
		F075FF0E2679276E00ADC7C5 /* Resources */ = {
			isa = PBXResourcesBuildPhase;
			buildActionMask = 2147483647;
			files = (
				F02334F927B7CDA20050D396 /* authenticate.json in Resources */,
				F075FF1B2679276F00ADC7C5 /* Preview Assets.xcassets in Resources */,
				F091703A27A6B96A00240418 /* opensans_regular.ttf in Resources */,
				F0DD6E4627BB6AA6003FF972 /* getLicenseDetails.json in Resources */,
				F091703727A6B96A00240418 /* poppins_bold.ttf in Resources */,
				F091703927A6B96A00240418 /* opensans_bold.ttf in Resources */,
				F091703827A6B96A00240418 /* poppins_medium.ttf in Resources */,
				F091703B27A6B96A00240418 /* opensans_semibold.ttf in Resources */,
				F075FF182679276F00ADC7C5 /* Assets.xcassets in Resources */,
			);
			runOnlyForDeploymentPostprocessing = 0;
		};
		F075FF1F2679276F00ADC7C5 /* Resources */ = {
			isa = PBXResourcesBuildPhase;
			buildActionMask = 2147483647;
			files = (
			);
			runOnlyForDeploymentPostprocessing = 0;
		};
		F075FF2A2679276F00ADC7C5 /* Resources */ = {
			isa = PBXResourcesBuildPhase;
			buildActionMask = 2147483647;
			files = (
			);
			runOnlyForDeploymentPostprocessing = 0;
		};
/* End PBXResourcesBuildPhase section */

/* Begin PBXSourcesBuildPhase section */
		F075FF0C2679276E00ADC7C5 /* Sources */ = {
			isa = PBXSourcesBuildPhase;
			buildActionMask = 2147483647;
			files = (
				F0F0B35727B5426C00324FFE /* LoginButton.swift in Sources */,
				F0B64171267C834E0080D8A1 /* NextButtonView.swift in Sources */,
				F04B01B227B945FC004C1C0B /* Color+Extensions.swift in Sources */,
				F0608A6027B9708E000ABE05 /* ProfileInformationView.swift in Sources */,
				F075FF162679276E00ADC7C5 /* HomeView.swift in Sources */,
				F023350027B818380050D396 /* ProfileModel.swift in Sources */,
				F0CD56DA27B6DC220054C775 /* URL+Extensions.swift in Sources */,
				F0B64165267BF4290080D8A1 /* OnboardingTopMenu.swift in Sources */,
				F0F0B35327B5002B00324FFE /* LoginTopView.swift in Sources */,
				F0D50A9E27A6C7FA009D8B40 /* Config.swift in Sources */,
				F0B64167267C098A0080D8A1 /* SkipButtonView.swift in Sources */,
				F091702627A6AD6A00240418 /* SignUpView.swift in Sources */,
				F04B01B427B94A1E004C1C0B /* ProfileHeaderView.swift in Sources */,
				F091702227A5A9B600240418 /* GetStartedButtonView.swift in Sources */,
				F02334FC27B7EE400050D396 /* Dashboard.swift in Sources */,
				F0B64169267C18A80080D8A1 /* OnboardingView.swift in Sources */,
				F0CD56DD27B6EBA20054C775 /* AccountViewModel.swift in Sources */,
				F0B6416F267C203D0080D8A1 /* OnboardingData.swift in Sources */,
				F091703D27A6C39300240418 /* SignUpBottomView.swift in Sources */,
				F0CD56D427B6CD3E0054C775 /* Users.swift in Sources */,
				F02334FE27B7EE4A0050D396 /* ProfileView.swift in Sources */,
				F0BD0D7227B988A40062CA7C /* ProfileHeaderNameView.swift in Sources */,
				F091702027A5A31E00240418 /* OnboardingBottomMenu.swift in Sources */,
				F0DD6E4427BAFBCE003FF972 /* LicenseModel.swift in Sources */,
				F0B6416C267C1F810080D8A1 /* OnboardingModel.swift in Sources */,
				F0B64163267BF03F0080D8A1 /* OnBoardingCardView.swift in Sources */,
				F0DD6E4227BA4A34003FF972 /* ProfileHeaderVerificationTest.swift in Sources */,
				F075FF142679276E00ADC7C5 /* RoninEMSApp.swift in Sources */,
				F0D50AA227A6E1C0009D8B40 /* LoginView.swift in Sources */,
				F0CD56D627B6D4D90054C775 /* AccountService.swift in Sources */,
				F0D50AA027A6CA74009D8B40 /* SignUpTopView.swift in Sources */,
				F0F1173A27B9636200CD7CD3 /* ProfileHeaderVerifyNow.swift in Sources */,
				F0F0B35527B5006600324FFE /* LoginTextFields.swift in Sources */,
			);
			runOnlyForDeploymentPostprocessing = 0;
		};
		F075FF1D2679276F00ADC7C5 /* Sources */ = {
			isa = PBXSourcesBuildPhase;
			buildActionMask = 2147483647;
			files = (
				F075FF262679276F00ADC7C5 /* RoninEMSTests.swift in Sources */,
			);
			runOnlyForDeploymentPostprocessing = 0;
		};
		F075FF282679276F00ADC7C5 /* Sources */ = {
			isa = PBXSourcesBuildPhase;
			buildActionMask = 2147483647;
			files = (
				F075FF312679276F00ADC7C5 /* RoninEMSUITests.swift in Sources */,
			);
			runOnlyForDeploymentPostprocessing = 0;
		};
/* End PBXSourcesBuildPhase section */

/* Begin PBXTargetDependency section */
		F075FF232679276F00ADC7C5 /* PBXTargetDependency */ = {
			isa = PBXTargetDependency;
			target = F075FF0F2679276E00ADC7C5 /* RoninEMS */;
			targetProxy = F075FF222679276F00ADC7C5 /* PBXContainerItemProxy */;
		};
		F075FF2E2679276F00ADC7C5 /* PBXTargetDependency */ = {
			isa = PBXTargetDependency;
			target = F075FF0F2679276E00ADC7C5 /* RoninEMS */;
			targetProxy = F075FF2D2679276F00ADC7C5 /* PBXContainerItemProxy */;
		};
/* End PBXTargetDependency section */

/* Begin XCBuildConfiguration section */
		F075FF332679276F00ADC7C5 /* Debug */ = {
			isa = XCBuildConfiguration;
			buildSettings = {
				ALWAYS_SEARCH_USER_PATHS = NO;
				CLANG_ANALYZER_NONNULL = YES;
				CLANG_ANALYZER_NUMBER_OBJECT_CONVERSION = YES_AGGRESSIVE;
				CLANG_CXX_LANGUAGE_STANDARD = "gnu++14";
				CLANG_CXX_LIBRARY = "libc++";
				CLANG_ENABLE_MODULES = YES;
				CLANG_ENABLE_OBJC_ARC = YES;
				CLANG_ENABLE_OBJC_WEAK = YES;
				CLANG_WARN_BLOCK_CAPTURE_AUTORELEASING = YES;
				CLANG_WARN_BOOL_CONVERSION = YES;
				CLANG_WARN_COMMA = YES;
				CLANG_WARN_CONSTANT_CONVERSION = YES;
				CLANG_WARN_DEPRECATED_OBJC_IMPLEMENTATIONS = YES;
				CLANG_WARN_DIRECT_OBJC_ISA_USAGE = YES_ERROR;
				CLANG_WARN_DOCUMENTATION_COMMENTS = YES;
				CLANG_WARN_EMPTY_BODY = YES;
				CLANG_WARN_ENUM_CONVERSION = YES;
				CLANG_WARN_INFINITE_RECURSION = YES;
				CLANG_WARN_INT_CONVERSION = YES;
				CLANG_WARN_NON_LITERAL_NULL_CONVERSION = YES;
				CLANG_WARN_OBJC_IMPLICIT_RETAIN_SELF = YES;
				CLANG_WARN_OBJC_LITERAL_CONVERSION = YES;
				CLANG_WARN_OBJC_ROOT_CLASS = YES_ERROR;
				CLANG_WARN_QUOTED_INCLUDE_IN_FRAMEWORK_HEADER = YES;
				CLANG_WARN_RANGE_LOOP_ANALYSIS = YES;
				CLANG_WARN_STRICT_PROTOTYPES = YES;
				CLANG_WARN_SUSPICIOUS_MOVE = YES;
				CLANG_WARN_UNGUARDED_AVAILABILITY = YES_AGGRESSIVE;
				CLANG_WARN_UNREACHABLE_CODE = YES;
				CLANG_WARN__DUPLICATE_METHOD_MATCH = YES;
				COPY_PHASE_STRIP = NO;
				DEBUG_INFORMATION_FORMAT = dwarf;
				ENABLE_STRICT_OBJC_MSGSEND = YES;
				ENABLE_TESTABILITY = YES;
				GCC_C_LANGUAGE_STANDARD = gnu11;
				GCC_DYNAMIC_NO_PIC = NO;
				GCC_NO_COMMON_BLOCKS = YES;
				GCC_OPTIMIZATION_LEVEL = 0;
				GCC_PREPROCESSOR_DEFINITIONS = (
					"DEBUG=1",
					"$(inherited)",
				);
				GCC_WARN_64_TO_32_BIT_CONVERSION = YES;
				GCC_WARN_ABOUT_RETURN_TYPE = YES_ERROR;
				GCC_WARN_UNDECLARED_SELECTOR = YES;
				GCC_WARN_UNINITIALIZED_AUTOS = YES_AGGRESSIVE;
				GCC_WARN_UNUSED_FUNCTION = YES;
				GCC_WARN_UNUSED_VARIABLE = YES;
				IPHONEOS_DEPLOYMENT_TARGET = 14.5;
				MTL_ENABLE_DEBUG_INFO = INCLUDE_SOURCE;
				MTL_FAST_MATH = YES;
				ONLY_ACTIVE_ARCH = YES;
				SDKROOT = iphoneos;
				SWIFT_ACTIVE_COMPILATION_CONDITIONS = DEBUG;
				SWIFT_OPTIMIZATION_LEVEL = "-Onone";
			};
			name = Debug;
		};
		F075FF342679276F00ADC7C5 /* Release */ = {
			isa = XCBuildConfiguration;
			buildSettings = {
				ALWAYS_SEARCH_USER_PATHS = NO;
				CLANG_ANALYZER_NONNULL = YES;
				CLANG_ANALYZER_NUMBER_OBJECT_CONVERSION = YES_AGGRESSIVE;
				CLANG_CXX_LANGUAGE_STANDARD = "gnu++14";
				CLANG_CXX_LIBRARY = "libc++";
				CLANG_ENABLE_MODULES = YES;
				CLANG_ENABLE_OBJC_ARC = YES;
				CLANG_ENABLE_OBJC_WEAK = YES;
				CLANG_WARN_BLOCK_CAPTURE_AUTORELEASING = YES;
				CLANG_WARN_BOOL_CONVERSION = YES;
				CLANG_WARN_COMMA = YES;
				CLANG_WARN_CONSTANT_CONVERSION = YES;
				CLANG_WARN_DEPRECATED_OBJC_IMPLEMENTATIONS = YES;
				CLANG_WARN_DIRECT_OBJC_ISA_USAGE = YES_ERROR;
				CLANG_WARN_DOCUMENTATION_COMMENTS = YES;
				CLANG_WARN_EMPTY_BODY = YES;
				CLANG_WARN_ENUM_CONVERSION = YES;
				CLANG_WARN_INFINITE_RECURSION = YES;
				CLANG_WARN_INT_CONVERSION = YES;
				CLANG_WARN_NON_LITERAL_NULL_CONVERSION = YES;
				CLANG_WARN_OBJC_IMPLICIT_RETAIN_SELF = YES;
				CLANG_WARN_OBJC_LITERAL_CONVERSION = YES;
				CLANG_WARN_OBJC_ROOT_CLASS = YES_ERROR;
				CLANG_WARN_QUOTED_INCLUDE_IN_FRAMEWORK_HEADER = YES;
				CLANG_WARN_RANGE_LOOP_ANALYSIS = YES;
				CLANG_WARN_STRICT_PROTOTYPES = YES;
				CLANG_WARN_SUSPICIOUS_MOVE = YES;
				CLANG_WARN_UNGUARDED_AVAILABILITY = YES_AGGRESSIVE;
				CLANG_WARN_UNREACHABLE_CODE = YES;
				CLANG_WARN__DUPLICATE_METHOD_MATCH = YES;
				COPY_PHASE_STRIP = NO;
				DEBUG_INFORMATION_FORMAT = "dwarf-with-dsym";
				ENABLE_NS_ASSERTIONS = NO;
				ENABLE_STRICT_OBJC_MSGSEND = YES;
				GCC_C_LANGUAGE_STANDARD = gnu11;
				GCC_NO_COMMON_BLOCKS = YES;
				GCC_WARN_64_TO_32_BIT_CONVERSION = YES;
				GCC_WARN_ABOUT_RETURN_TYPE = YES_ERROR;
				GCC_WARN_UNDECLARED_SELECTOR = YES;
				GCC_WARN_UNINITIALIZED_AUTOS = YES_AGGRESSIVE;
				GCC_WARN_UNUSED_FUNCTION = YES;
				GCC_WARN_UNUSED_VARIABLE = YES;
				IPHONEOS_DEPLOYMENT_TARGET = 14.5;
				MTL_ENABLE_DEBUG_INFO = NO;
				MTL_FAST_MATH = YES;
				SDKROOT = iphoneos;
				SWIFT_COMPILATION_MODE = wholemodule;
				SWIFT_OPTIMIZATION_LEVEL = "-O";
				VALIDATE_PRODUCT = YES;
			};
			name = Release;
		};
		F075FF362679276F00ADC7C5 /* Debug */ = {
			isa = XCBuildConfiguration;
			buildSettings = {
				ASSETCATALOG_COMPILER_APPICON_NAME = AppIcon;
				ASSETCATALOG_COMPILER_GLOBAL_ACCENT_COLOR_NAME = AccentColor;
				CODE_SIGN_STYLE = Automatic;
				CURRENT_PROJECT_VERSION = 13;
				DEVELOPMENT_ASSET_PATHS = "\"RoninEMS/Preview Content\"";
				DEVELOPMENT_TEAM = 7TJXDVHXC8;
				ENABLE_PREVIEWS = YES;
				INFOPLIST_FILE = RoninEMS/Info.plist;
				IPHONEOS_DEPLOYMENT_TARGET = 14.0;
				LD_RUNPATH_SEARCH_PATHS = (
					"$(inherited)",
					"@executable_path/Frameworks",
				);
				MARKETING_VERSION = 0.1;
				PRODUCT_BUNDLE_IDENTIFIER = com.roninems.customer;
				PRODUCT_NAME = "$(TARGET_NAME)";
				SWIFT_VERSION = 5.0;
				TARGETED_DEVICE_FAMILY = "1,2";
				VERSIONING_SYSTEM = "apple-generic";
			};
			name = Debug;
		};
		F075FF372679276F00ADC7C5 /* Release */ = {
			isa = XCBuildConfiguration;
			buildSettings = {
				ASSETCATALOG_COMPILER_APPICON_NAME = AppIcon;
				ASSETCATALOG_COMPILER_GLOBAL_ACCENT_COLOR_NAME = AccentColor;
				CODE_SIGN_STYLE = Automatic;
				CURRENT_PROJECT_VERSION = 13;
				DEVELOPMENT_ASSET_PATHS = "\"RoninEMS/Preview Content\"";
				DEVELOPMENT_TEAM = 7TJXDVHXC8;
				ENABLE_PREVIEWS = YES;
				INFOPLIST_FILE = RoninEMS/Info.plist;
				IPHONEOS_DEPLOYMENT_TARGET = 14.0;
				LD_RUNPATH_SEARCH_PATHS = (
					"$(inherited)",
					"@executable_path/Frameworks",
				);
				MARKETING_VERSION = 0.1;
				PRODUCT_BUNDLE_IDENTIFIER = com.roninems.customer;
				PRODUCT_NAME = "$(TARGET_NAME)";
				SWIFT_VERSION = 5.0;
				TARGETED_DEVICE_FAMILY = "1,2";
				VERSIONING_SYSTEM = "apple-generic";
			};
			name = Release;
		};
		F075FF392679276F00ADC7C5 /* Debug */ = {
			isa = XCBuildConfiguration;
			buildSettings = {
				ALWAYS_EMBED_SWIFT_STANDARD_LIBRARIES = YES;
				BUNDLE_LOADER = "$(TEST_HOST)";
				CODE_SIGN_STYLE = Automatic;
				DEVELOPMENT_TEAM = FJ8WUE337D;
				INFOPLIST_FILE = RoninEMSTests/Info.plist;
				IPHONEOS_DEPLOYMENT_TARGET = 14.0;
				LD_RUNPATH_SEARCH_PATHS = (
					"$(inherited)",
					"@executable_path/Frameworks",
					"@loader_path/Frameworks",
				);
				PRODUCT_BUNDLE_IDENTIFIER = com.roninems.RoninEMSTests;
				PRODUCT_NAME = "$(TARGET_NAME)";
				SWIFT_VERSION = 5.0;
				TARGETED_DEVICE_FAMILY = "1,2";
				TEST_HOST = "$(BUILT_PRODUCTS_DIR)/RoninEMS.app/RoninEMS";
			};
			name = Debug;
		};
		F075FF3A2679276F00ADC7C5 /* Release */ = {
			isa = XCBuildConfiguration;
			buildSettings = {
				ALWAYS_EMBED_SWIFT_STANDARD_LIBRARIES = YES;
				BUNDLE_LOADER = "$(TEST_HOST)";
				CODE_SIGN_STYLE = Automatic;
				DEVELOPMENT_TEAM = FJ8WUE337D;
				INFOPLIST_FILE = RoninEMSTests/Info.plist;
				IPHONEOS_DEPLOYMENT_TARGET = 14.0;
				LD_RUNPATH_SEARCH_PATHS = (
					"$(inherited)",
					"@executable_path/Frameworks",
					"@loader_path/Frameworks",
				);
				PRODUCT_BUNDLE_IDENTIFIER = com.roninems.RoninEMSTests;
				PRODUCT_NAME = "$(TARGET_NAME)";
				SWIFT_VERSION = 5.0;
				TARGETED_DEVICE_FAMILY = "1,2";
				TEST_HOST = "$(BUILT_PRODUCTS_DIR)/RoninEMS.app/RoninEMS";
			};
			name = Release;
		};
		F075FF3C2679276F00ADC7C5 /* Debug */ = {
			isa = XCBuildConfiguration;
			buildSettings = {
				ALWAYS_EMBED_SWIFT_STANDARD_LIBRARIES = YES;
				CODE_SIGN_STYLE = Automatic;
				DEVELOPMENT_TEAM = FJ8WUE337D;
				INFOPLIST_FILE = RoninEMSUITests/Info.plist;
				LD_RUNPATH_SEARCH_PATHS = (
					"$(inherited)",
					"@executable_path/Frameworks",
					"@loader_path/Frameworks",
				);
				PRODUCT_BUNDLE_IDENTIFIER = com.roninems.RoninEMSUITests;
				PRODUCT_NAME = "$(TARGET_NAME)";
				SWIFT_VERSION = 5.0;
				TARGETED_DEVICE_FAMILY = "1,2";
				TEST_TARGET_NAME = RoninEMS;
			};
			name = Debug;
		};
		F075FF3D2679276F00ADC7C5 /* Release */ = {
			isa = XCBuildConfiguration;
			buildSettings = {
				ALWAYS_EMBED_SWIFT_STANDARD_LIBRARIES = YES;
				CODE_SIGN_STYLE = Automatic;
				DEVELOPMENT_TEAM = FJ8WUE337D;
				INFOPLIST_FILE = RoninEMSUITests/Info.plist;
				LD_RUNPATH_SEARCH_PATHS = (
					"$(inherited)",
					"@executable_path/Frameworks",
					"@loader_path/Frameworks",
				);
				PRODUCT_BUNDLE_IDENTIFIER = com.roninems.RoninEMSUITests;
				PRODUCT_NAME = "$(TARGET_NAME)";
				SWIFT_VERSION = 5.0;
				TARGETED_DEVICE_FAMILY = "1,2";
				TEST_TARGET_NAME = RoninEMS;
			};
			name = Release;
		};
/* End XCBuildConfiguration section */

/* Begin XCConfigurationList section */
		F075FF0B2679276E00ADC7C5 /* Build configuration list for PBXProject "RoninEMS" */ = {
			isa = XCConfigurationList;
			buildConfigurations = (
				F075FF332679276F00ADC7C5 /* Debug */,
				F075FF342679276F00ADC7C5 /* Release */,
			);
			defaultConfigurationIsVisible = 0;
			defaultConfigurationName = Release;
		};
		F075FF352679276F00ADC7C5 /* Build configuration list for PBXNativeTarget "RoninEMS" */ = {
			isa = XCConfigurationList;
			buildConfigurations = (
				F075FF362679276F00ADC7C5 /* Debug */,
				F075FF372679276F00ADC7C5 /* Release */,
			);
			defaultConfigurationIsVisible = 0;
			defaultConfigurationName = Release;
		};
		F075FF382679276F00ADC7C5 /* Build configuration list for PBXNativeTarget "RoninEMSTests" */ = {
			isa = XCConfigurationList;
			buildConfigurations = (
				F075FF392679276F00ADC7C5 /* Debug */,
				F075FF3A2679276F00ADC7C5 /* Release */,
			);
			defaultConfigurationIsVisible = 0;
			defaultConfigurationName = Release;
		};
		F075FF3B2679276F00ADC7C5 /* Build configuration list for PBXNativeTarget "RoninEMSUITests" */ = {
			isa = XCConfigurationList;
			buildConfigurations = (
				F075FF3C2679276F00ADC7C5 /* Debug */,
				F075FF3D2679276F00ADC7C5 /* Release */,
			);
			defaultConfigurationIsVisible = 0;
			defaultConfigurationName = Release;
		};
/* End XCConfigurationList section */

/* Begin XCRemoteSwiftPackageReference section */
		F0E7D7D627B8D1B700B79920 /* XCRemoteSwiftPackageReference "JWTDecode.swift" */ = {
			isa = XCRemoteSwiftPackageReference;
			repositoryURL = "https://github.com/auth0/JWTDecode.swift.git";
			requirement = {
				kind = exactVersion;
				version = 2.6.3;
			};
		};
/* End XCRemoteSwiftPackageReference section */

/* Begin XCSwiftPackageProductDependency section */
		F0E7D7D727B8D1B700B79920 /* JWTDecode */ = {
			isa = XCSwiftPackageProductDependency;
			package = F0E7D7D627B8D1B700B79920 /* XCRemoteSwiftPackageReference "JWTDecode.swift" */;
			productName = JWTDecode;
		};
/* End XCSwiftPackageProductDependency section */
	};
	rootObject = F075FF082679276E00ADC7C5 /* Project object */;
}
